// !$*UTF8*$!
{
	archiveVersion = 1;
	classes = {
	};
	objectVersion = 50;
	objects = {

/* Begin PBXBuildFile section */
		F211968626CD2C2200117F40 /* FrameworkDetailView.swift in Sources */ = {isa = PBXBuildFile; fileRef = F211968526CD2C2200117F40 /* FrameworkDetailView.swift */; };
		F211968926CD2E7900117F40 /* AFButton.swift in Sources */ = {isa = PBXBuildFile; fileRef = F211968826CD2E7900117F40 /* AFButton.swift */; };
		F2997E3926CB5F7D00E76B4D /* Apple_FrameworksApp.swift in Sources */ = {isa = PBXBuildFile; fileRef = F2997E3826CB5F7D00E76B4D /* Apple_FrameworksApp.swift */; };
		F2997E3D26CB5F8800E76B4D /* Assets.xcassets in Resources */ = {isa = PBXBuildFile; fileRef = F2997E3C26CB5F8800E76B4D /* Assets.xcassets */; };
		F2997E4026CB5F8800E76B4D /* Preview Assets.xcassets in Resources */ = {isa = PBXBuildFile; fileRef = F2997E3F26CB5F8800E76B4D /* Preview Assets.xcassets */; };
		F2997E4926CB5FFE00E76B4D /* Framework.swift in Sources */ = {isa = PBXBuildFile; fileRef = F2997E4826CB5FFE00E76B4D /* Framework.swift */; };
		F2997E4E26CB61B300E76B4D /* FrameworkGridView.swift in Sources */ = {isa = PBXBuildFile; fileRef = F2997E4D26CB61B300E76B4D /* FrameworkGridView.swift */; };
		F2A7D54326D00F1C00E40B93 /* FrameworkGridViewModel.swift in Sources */ = {isa = PBXBuildFile; fileRef = F2A7D54226D00F1C00E40B93 /* FrameworkGridViewModel.swift */; };
		F2A7D54726D1C9CD00E40B93 /* SafariView.swift in Sources */ = {isa = PBXBuildFile; fileRef = F2A7D54626D1C9CD00E40B93 /* SafariView.swift */; };
		F2A7D54B26D34D7700E40B93 /* FrameworkTitleView.swift in Sources */ = {isa = PBXBuildFile; fileRef = F2A7D54A26D34D7700E40B93 /* FrameworkTitleView.swift */; };
		F2A7D54E26D34E7500E40B93 /* XDismissButton.swift in Sources */ = {isa = PBXBuildFile; fileRef = F2A7D54D26D34E7500E40B93 /* XDismissButton.swift */; };
/* End PBXBuildFile section */

/* Begin PBXFileReference section */
		F211968526CD2C2200117F40 /* FrameworkDetailView.swift */ = {isa = PBXFileReference; lastKnownFileType = sourcecode.swift; path = FrameworkDetailView.swift; sourceTree = "<group>"; };
		F211968826CD2E7900117F40 /* AFButton.swift */ = {isa = PBXFileReference; lastKnownFileType = sourcecode.swift; path = AFButton.swift; sourceTree = "<group>"; };
		F2997E3526CB5F7D00E76B4D /* Apple-Frameworks.app */ = {isa = PBXFileReference; explicitFileType = wrapper.application; includeInIndex = 0; path = "Apple-Frameworks.app"; sourceTree = BUILT_PRODUCTS_DIR; };
		F2997E3826CB5F7D00E76B4D /* Apple_FrameworksApp.swift */ = {isa = PBXFileReference; lastKnownFileType = sourcecode.swift; path = Apple_FrameworksApp.swift; sourceTree = "<group>"; };
		F2997E3C26CB5F8800E76B4D /* Assets.xcassets */ = {isa = PBXFileReference; lastKnownFileType = folder.assetcatalog; path = Assets.xcassets; sourceTree = "<group>"; };
		F2997E3F26CB5F8800E76B4D /* Preview Assets.xcassets */ = {isa = PBXFileReference; lastKnownFileType = folder.assetcatalog; path = "Preview Assets.xcassets"; sourceTree = "<group>"; };
		F2997E4126CB5F8800E76B4D /* Info.plist */ = {isa = PBXFileReference; lastKnownFileType = text.plist.xml; path = Info.plist; sourceTree = "<group>"; };
		F2997E4826CB5FFE00E76B4D /* Framework.swift */ = {isa = PBXFileReference; lastKnownFileType = sourcecode.swift; path = Framework.swift; sourceTree = "<group>"; };
		F2997E4D26CB61B300E76B4D /* FrameworkGridView.swift */ = {isa = PBXFileReference; lastKnownFileType = sourcecode.swift; path = FrameworkGridView.swift; sourceTree = "<group>"; };
		F2A7D54226D00F1C00E40B93 /* FrameworkGridViewModel.swift */ = {isa = PBXFileReference; lastKnownFileType = sourcecode.swift; path = FrameworkGridViewModel.swift; sourceTree = "<group>"; };
		F2A7D54626D1C9CD00E40B93 /* SafariView.swift */ = {isa = PBXFileReference; lastKnownFileType = sourcecode.swift; path = SafariView.swift; sourceTree = "<group>"; };
		F2A7D54A26D34D7700E40B93 /* FrameworkTitleView.swift */ = {isa = PBXFileReference; lastKnownFileType = sourcecode.swift; path = FrameworkTitleView.swift; sourceTree = "<group>"; };
		F2A7D54D26D34E7500E40B93 /* XDismissButton.swift */ = {isa = PBXFileReference; lastKnownFileType = sourcecode.swift; path = XDismissButton.swift; sourceTree = "<group>"; };
/* End PBXFileReference section */

/* Begin PBXFrameworksBuildPhase section */
		F2997E3226CB5F7D00E76B4D /* Frameworks */ = {
			isa = PBXFrameworksBuildPhase;
			buildActionMask = 2147483647;
			files = (
			);
			runOnlyForDeploymentPostprocessing = 0;
		};
/* End PBXFrameworksBuildPhase section */

/* Begin PBXGroup section */
		F2997E2C26CB5F7D00E76B4D = {
			isa = PBXGroup;
			children = (
				F2997E3726CB5F7D00E76B4D /* Apple-Frameworks */,
				F2997E3626CB5F7D00E76B4D /* Products */,
			);
			sourceTree = "<group>";
		};
		F2997E3626CB5F7D00E76B4D /* Products */ = {
			isa = PBXGroup;
			children = (
				F2997E3526CB5F7D00E76B4D /* Apple-Frameworks.app */,
			);
			name = Products;
			sourceTree = "<group>";
		};
		F2997E3726CB5F7D00E76B4D /* Apple-Frameworks */ = {
			isa = PBXGroup;
			children = (
				F2C033A026D4A49700BC5133 /* UIKIt Components */,
				F2C0339D26D4A45A00BC5133 /* Views */,
				F2C0339B26D4A43900BC5133 /* Model */,
				F2C0339826D4A3EA00BC5133 /* Screens */,
				F2997E3826CB5F7D00E76B4D /* Apple_FrameworksApp.swift */,
				F2997E4826CB5FFE00E76B4D /* Framework.swift */,
				F2997E3C26CB5F8800E76B4D /* Assets.xcassets */,
				F2997E4126CB5F8800E76B4D /* Info.plist */,
				F2997E3E26CB5F8800E76B4D /* Preview Content */,
			);
			path = "Apple-Frameworks";
			sourceTree = "<group>";
		};
		F2997E3E26CB5F8800E76B4D /* Preview Content */ = {
			isa = PBXGroup;
			children = (
				F2997E3F26CB5F8800E76B4D /* Preview Assets.xcassets */,
			);
			path = "Preview Content";
			sourceTree = "<group>";
		};
		F2C0339826D4A3EA00BC5133 /* Screens */ = {
			isa = PBXGroup;
			children = (
				F2C0339926D4A3F600BC5133 /* FrameworkGridView */,
				F2C0339A26D4A41F00BC5133 /* FrameworkDetailView */,
			);
			path = Screens;
			sourceTree = "<group>";
		};
		F2C0339926D4A3F600BC5133 /* FrameworkGridView */ = {
			isa = PBXGroup;
			children = (
				F2997E4D26CB61B300E76B4D /* FrameworkGridView.swift */,
				F2A7D54226D00F1C00E40B93 /* FrameworkGridViewModel.swift */,
			);
			path = FrameworkGridView;
			sourceTree = "<group>";
		};
		F2C0339A26D4A41F00BC5133 /* FrameworkDetailView */ = {
			isa = PBXGroup;
			children = (
				F211968526CD2C2200117F40 /* FrameworkDetailView.swift */,
			);
			path = FrameworkDetailView;
			sourceTree = "<group>";
		};
		F2C0339B26D4A43900BC5133 /* Model */ = {
			isa = PBXGroup;
			children = (
			);
			path = Model;
			sourceTree = "<group>";
		};
		F2C0339D26D4A45A00BC5133 /* Views */ = {
			isa = PBXGroup;
			children = (
				F2C0339F26D4A47300BC5133 /* View */,
				F2C0339E26D4A46400BC5133 /* Buttons */,
			);
			path = Views;
			sourceTree = "<group>";
		};
		F2C0339E26D4A46400BC5133 /* Buttons */ = {
			isa = PBXGroup;
			children = (
				F211968826CD2E7900117F40 /* AFButton.swift */,
				F2A7D54D26D34E7500E40B93 /* XDismissButton.swift */,
			);
			path = Buttons;
			sourceTree = "<group>";
		};
		F2C0339F26D4A47300BC5133 /* View */ = {
			isa = PBXGroup;
			children = (
				F2A7D54A26D34D7700E40B93 /* FrameworkTitleView.swift */,
			);
			path = View;
			sourceTree = "<group>";
		};
		F2C033A026D4A49700BC5133 /* UIKIt Components */ = {
			isa = PBXGroup;
			children = (
				F2A7D54626D1C9CD00E40B93 /* SafariView.swift */,
			);
			path = "UIKIt Components";
			sourceTree = "<group>";
		};
/* End PBXGroup section */

/* Begin PBXNativeTarget section */
		F2997E3426CB5F7D00E76B4D /* Apple-Frameworks */ = {
			isa = PBXNativeTarget;
			buildConfigurationList = F2997E4426CB5F8800E76B4D /* Build configuration list for PBXNativeTarget "Apple-Frameworks" */;
			buildPhases = (
				F2997E3126CB5F7D00E76B4D /* Sources */,
				F2997E3226CB5F7D00E76B4D /* Frameworks */,
				F2997E3326CB5F7D00E76B4D /* Resources */,
			);
			buildRules = (
			);
			dependencies = (
			);
			name = "Apple-Frameworks";
			productName = "Apple-Frameworks";
			productReference = F2997E3526CB5F7D00E76B4D /* Apple-Frameworks.app */;
			productType = "com.apple.product-type.application";
		};
/* End PBXNativeTarget section */

/* Begin PBXProject section */
		F2997E2D26CB5F7D00E76B4D /* Project object */ = {
			isa = PBXProject;
			attributes = {
				LastSwiftUpdateCheck = 1240;
				LastUpgradeCheck = 1240;
				TargetAttributes = {
					F2997E3426CB5F7D00E76B4D = {
						CreatedOnToolsVersion = 12.4;
					};
				};
			};
			buildConfigurationList = F2997E3026CB5F7D00E76B4D /* Build configuration list for PBXProject "Apple-Frameworks" */;
			compatibilityVersion = "Xcode 9.3";
			developmentRegion = en;
			hasScannedForEncodings = 0;
			knownRegions = (
				en,
				Base,
			);
			mainGroup = F2997E2C26CB5F7D00E76B4D;
			productRefGroup = F2997E3626CB5F7D00E76B4D /* Products */;
			projectDirPath = "";
			projectRoot = "";
			targets = (
				F2997E3426CB5F7D00E76B4D /* Apple-Frameworks */,
			);
		};
/* End PBXProject section */

/* Begin PBXResourcesBuildPhase section */
		F2997E3326CB5F7D00E76B4D /* Resources */ = {
			isa = PBXResourcesBuildPhase;
			buildActionMask = 2147483647;
			files = (
				F2997E4026CB5F8800E76B4D /* Preview Assets.xcassets in Resources */,
				F2997E3D26CB5F8800E76B4D /* Assets.xcassets in Resources */,
			);
			runOnlyForDeploymentPostprocessing = 0;
		};
/* End PBXResourcesBuildPhase section */

/* Begin PBXSourcesBuildPhase section */
		F2997E3126CB5F7D00E76B4D /* Sources */ = {
			isa = PBXSourcesBuildPhase;
			buildActionMask = 2147483647;
			files = (
				F211968626CD2C2200117F40 /* FrameworkDetailView.swift in Sources */,
				F2997E4E26CB61B300E76B4D /* FrameworkGridView.swift in Sources */,
				F2A7D54E26D34E7500E40B93 /* XDismissButton.swift in Sources */,
				F2997E4926CB5FFE00E76B4D /* Framework.swift in Sources */,
				F211968926CD2E7900117F40 /* AFButton.swift in Sources */,
				F2997E3926CB5F7D00E76B4D /* Apple_FrameworksApp.swift in Sources */,
				F2A7D54326D00F1C00E40B93 /* FrameworkGridViewModel.swift in Sources */,
				F2A7D54B26D34D7700E40B93 /* FrameworkTitleView.swift in Sources */,
				F2A7D54726D1C9CD00E40B93 /* SafariView.swift in Sources */,
			);
			runOnlyForDeploymentPostprocessing = 0;
		};
/* End PBXSourcesBuildPhase section */

/* Begin XCBuildConfiguration section */
		F2997E4226CB5F8800E76B4D /* Debug */ = {
			isa = XCBuildConfiguration;
			buildSettings = {
				ALWAYS_SEARCH_USER_PATHS = NO;
				CLANG_ANALYZER_NONNULL = YES;
				CLANG_ANALYZER_NUMBER_OBJECT_CONVERSION = YES_AGGRESSIVE;
				CLANG_CXX_LANGUAGE_STANDARD = "gnu++14";
				CLANG_CXX_LIBRARY = "libc++";
				CLANG_ENABLE_MODULES = YES;
				CLANG_ENABLE_OBJC_ARC = YES;
				CLANG_ENABLE_OBJC_WEAK = YES;
				CLANG_WARN_BLOCK_CAPTURE_AUTORELEASING = YES;
				CLANG_WARN_BOOL_CONVERSION = YES;
				CLANG_WARN_COMMA = YES;
				CLANG_WARN_CONSTANT_CONVERSION = YES;
				CLANG_WARN_DEPRECATED_OBJC_IMPLEMENTATIONS = YES;
				CLANG_WARN_DIRECT_OBJC_ISA_USAGE = YES_ERROR;
				CLANG_WARN_DOCUMENTATION_COMMENTS = YES;
				CLANG_WARN_EMPTY_BODY = YES;
				CLANG_WARN_ENUM_CONVERSION = YES;
				CLANG_WARN_INFINITE_RECURSION = YES;
				CLANG_WARN_INT_CONVERSION = YES;
				CLANG_WARN_NON_LITERAL_NULL_CONVERSION = YES;
				CLANG_WARN_OBJC_IMPLICIT_RETAIN_SELF = YES;
				CLANG_WARN_OBJC_LITERAL_CONVERSION = YES;
				CLANG_WARN_OBJC_ROOT_CLASS = YES_ERROR;
				CLANG_WARN_QUOTED_INCLUDE_IN_FRAMEWORK_HEADER = YES;
				CLANG_WARN_RANGE_LOOP_ANALYSIS = YES;
				CLANG_WARN_STRICT_PROTOTYPES = YES;
				CLANG_WARN_SUSPICIOUS_MOVE = YES;
				CLANG_WARN_UNGUARDED_AVAILABILITY = YES_AGGRESSIVE;
				CLANG_WARN_UNREACHABLE_CODE = YES;
				CLANG_WARN__DUPLICATE_METHOD_MATCH = YES;
				COPY_PHASE_STRIP = NO;
				DEBUG_INFORMATION_FORMAT = dwarf;
				ENABLE_STRICT_OBJC_MSGSEND = YES;
				ENABLE_TESTABILITY = YES;
				GCC_C_LANGUAGE_STANDARD = gnu11;
				GCC_DYNAMIC_NO_PIC = NO;
				GCC_NO_COMMON_BLOCKS = YES;
				GCC_OPTIMIZATION_LEVEL = 0;
				GCC_PREPROCESSOR_DEFINITIONS = (
					"DEBUG=1",
					"$(inherited)",
				);
				GCC_WARN_64_TO_32_BIT_CONVERSION = YES;
				GCC_WARN_ABOUT_RETURN_TYPE = YES_ERROR;
				GCC_WARN_UNDECLARED_SELECTOR = YES;
				GCC_WARN_UNINITIALIZED_AUTOS = YES_AGGRESSIVE;
				GCC_WARN_UNUSED_FUNCTION = YES;
				GCC_WARN_UNUSED_VARIABLE = YES;
				IPHONEOS_DEPLOYMENT_TARGET = 14.4;
				MTL_ENABLE_DEBUG_INFO = INCLUDE_SOURCE;
				MTL_FAST_MATH = YES;
				ONLY_ACTIVE_ARCH = YES;
				SDKROOT = iphoneos;
				SWIFT_ACTIVE_COMPILATION_CONDITIONS = DEBUG;
				SWIFT_OPTIMIZATION_LEVEL = "-Onone";
			};
			name = Debug;
		};
		F2997E4326CB5F8800E76B4D /* Release */ = {
			isa = XCBuildConfiguration;
			buildSettings = {
				ALWAYS_SEARCH_USER_PATHS = NO;
				CLANG_ANALYZER_NONNULL = YES;
				CLANG_ANALYZER_NUMBER_OBJECT_CONVERSION = YES_AGGRESSIVE;
				CLANG_CXX_LANGUAGE_STANDARD = "gnu++14";
				CLANG_CXX_LIBRARY = "libc++";
				CLANG_ENABLE_MODULES = YES;
				CLANG_ENABLE_OBJC_ARC = YES;
				CLANG_ENABLE_OBJC_WEAK = YES;
				CLANG_WARN_BLOCK_CAPTURE_AUTORELEASING = YES;
				CLANG_WARN_BOOL_CONVERSION = YES;
				CLANG_WARN_COMMA = YES;
				CLANG_WARN_CONSTANT_CONVERSION = YES;
				CLANG_WARN_DEPRECATED_OBJC_IMPLEMENTATIONS = YES;
				CLANG_WARN_DIRECT_OBJC_ISA_USAGE = YES_ERROR;
				CLANG_WARN_DOCUMENTATION_COMMENTS = YES;
				CLANG_WARN_EMPTY_BODY = YES;
				CLANG_WARN_ENUM_CONVERSION = YES;
				CLANG_WARN_INFINITE_RECURSION = YES;
				CLANG_WARN_INT_CONVERSION = YES;
				CLANG_WARN_NON_LITERAL_NULL_CONVERSION = YES;
				CLANG_WARN_OBJC_IMPLICIT_RETAIN_SELF = YES;
				CLANG_WARN_OBJC_LITERAL_CONVERSION = YES;
				CLANG_WARN_OBJC_ROOT_CLASS = YES_ERROR;
				CLANG_WARN_QUOTED_INCLUDE_IN_FRAMEWORK_HEADER = YES;
				CLANG_WARN_RANGE_LOOP_ANALYSIS = YES;
				CLANG_WARN_STRICT_PROTOTYPES = YES;
				CLANG_WARN_SUSPICIOUS_MOVE = YES;
				CLANG_WARN_UNGUARDED_AVAILABILITY = YES_AGGRESSIVE;
				CLANG_WARN_UNREACHABLE_CODE = YES;
				CLANG_WARN__DUPLICATE_METHOD_MATCH = YES;
				COPY_PHASE_STRIP = NO;
				DEBUG_INFORMATION_FORMAT = "dwarf-with-dsym";
				ENABLE_NS_ASSERTIONS = NO;
				ENABLE_STRICT_OBJC_MSGSEND = YES;
				GCC_C_LANGUAGE_STANDARD = gnu11;
				GCC_NO_COMMON_BLOCKS = YES;
				GCC_WARN_64_TO_32_BIT_CONVERSION = YES;
				GCC_WARN_ABOUT_RETURN_TYPE = YES_ERROR;
				GCC_WARN_UNDECLARED_SELECTOR = YES;
				GCC_WARN_UNINITIALIZED_AUTOS = YES_AGGRESSIVE;
				GCC_WARN_UNUSED_FUNCTION = YES;
				GCC_WARN_UNUSED_VARIABLE = YES;
				IPHONEOS_DEPLOYMENT_TARGET = 14.4;
				MTL_ENABLE_DEBUG_INFO = NO;
				MTL_FAST_MATH = YES;
				SDKROOT = iphoneos;
				SWIFT_COMPILATION_MODE = wholemodule;
				SWIFT_OPTIMIZATION_LEVEL = "-O";
				VALIDATE_PRODUCT = YES;
			};
			name = Release;
		};
		F2997E4526CB5F8800E76B4D /* Debug */ = {
			isa = XCBuildConfiguration;
			buildSettings = {
				ASSETCATALOG_COMPILER_APPICON_NAME = AppIcon;
				ASSETCATALOG_COMPILER_GLOBAL_ACCENT_COLOR_NAME = AccentColor;
				CODE_SIGN_STYLE = Automatic;
				DEVELOPMENT_ASSET_PATHS = "\"Apple-Frameworks/Preview Content\"";
				DEVELOPMENT_TEAM = THYWXSHJGD;
				ENABLE_PREVIEWS = YES;
				INFOPLIST_FILE = "Apple-Frameworks/Info.plist";
				IPHONEOS_DEPLOYMENT_TARGET = 14.0;
				LD_RUNPATH_SEARCH_PATHS = (
					"$(inherited)",
					"@executable_path/Frameworks",
				);
				PRODUCT_BUNDLE_IDENTIFIER = "com.ryanperez.Apple-Frameworks";
				PRODUCT_NAME = "$(TARGET_NAME)";
				SWIFT_VERSION = 5.0;
				TARGETED_DEVICE_FAMILY = "1,2";
			};
			name = Debug;
		};
		F2997E4626CB5F8800E76B4D /* Release */ = {
			isa = XCBuildConfiguration;
			buildSettings = {
				ASSETCATALOG_COMPILER_APPICON_NAME = AppIcon;
				ASSETCATALOG_COMPILER_GLOBAL_ACCENT_COLOR_NAME = AccentColor;
				CODE_SIGN_STYLE = Automatic;
				DEVELOPMENT_ASSET_PATHS = "\"Apple-Frameworks/Preview Content\"";
				DEVELOPMENT_TEAM = THYWXSHJGD;
				ENABLE_PREVIEWS = YES;
				INFOPLIST_FILE = "Apple-Frameworks/Info.plist";
				IPHONEOS_DEPLOYMENT_TARGET = 14.0;
				LD_RUNPATH_SEARCH_PATHS = (
					"$(inherited)",
					"@executable_path/Frameworks",
				);
				PRODUCT_BUNDLE_IDENTIFIER = "com.ryanperez.Apple-Frameworks";
				PRODUCT_NAME = "$(TARGET_NAME)";
				SWIFT_VERSION = 5.0;
				TARGETED_DEVICE_FAMILY = "1,2";
			};
			name = Release;
		};
/* End XCBuildConfiguration section */

/* Begin XCConfigurationList section */
		F2997E3026CB5F7D00E76B4D /* Build configuration list for PBXProject "Apple-Frameworks" */ = {
			isa = XCConfigurationList;
			buildConfigurations = (
				F2997E4226CB5F8800E76B4D /* Debug */,
				F2997E4326CB5F8800E76B4D /* Release */,
			);
			defaultConfigurationIsVisible = 0;
			defaultConfigurationName = Release;
		};
		F2997E4426CB5F8800E76B4D /* Build configuration list for PBXNativeTarget "Apple-Frameworks" */ = {
			isa = XCConfigurationList;
			buildConfigurations = (
				F2997E4526CB5F8800E76B4D /* Debug */,
				F2997E4626CB5F8800E76B4D /* Release */,
			);
			defaultConfigurationIsVisible = 0;
			defaultConfigurationName = Release;
		};
/* End XCConfigurationList section */
	};
	rootObject = F2997E2D26CB5F7D00E76B4D /* Project object */;
}
